// !$*UTF8*$!
{
	archiveVersion = 1;
	classes = {
	};
	objectVersion = 77;
	objects = {

/* Begin PBXBuildFile section */
		D12A753B2D4A74E8005E435C /* FirebaseAuth in Frameworks */ = {isa = PBXBuildFile; productRef = D12A753A2D4A74E8005E435C /* FirebaseAuth */; };
		D12A753D2D4A74E8005E435C /* FirebaseCore in Frameworks */ = {isa = PBXBuildFile; productRef = D12A753C2D4A74E8005E435C /* FirebaseCore */; };
		D12A753F2D4A74E8005E435C /* FirebaseFirestore in Frameworks */ = {isa = PBXBuildFile; productRef = D12A753E2D4A74E8005E435C /* FirebaseFirestore */; };
		D12A75412D4A74E8005E435C /* FirebaseMessaging in Frameworks */ = {isa = PBXBuildFile; productRef = D12A75402D4A74E8005E435C /* FirebaseMessaging */; };
		D12A75432D4A74E8005E435C /* FirebaseStorage in Frameworks */ = {isa = PBXBuildFile; productRef = D12A75422D4A74E8005E435C /* FirebaseStorage */; };
		D12A75462D4A758C005E435C /* SDWebImageSwiftUI in Frameworks */ = {isa = PBXBuildFile; productRef = D12A75452D4A758C005E435C /* SDWebImageSwiftUI */; };
		D12A75502D4A9C4E005E435C /* StreamVideo in Frameworks */ = {isa = PBXBuildFile; productRef = D12A754F2D4A9C4E005E435C /* StreamVideo */; };
		D12A75522D4A9C4E005E435C /* StreamVideoSwiftUI in Frameworks */ = {isa = PBXBuildFile; productRef = D12A75512D4A9C4E005E435C /* StreamVideoSwiftUI */; };
		D12A75542D4A9C4E005E435C /* StreamVideoUIKit in Frameworks */ = {isa = PBXBuildFile; productRef = D12A75532D4A9C4E005E435C /* StreamVideoUIKit */; };
		D1FB1BF72D4F77C6003C3120 /* FirebaseDatabase in Frameworks */ = {isa = PBXBuildFile; productRef = D1FB1BF62D4F77C6003C3120 /* FirebaseDatabase */; };
		D1FF6E812D34FFB20053EA74 /* Localizable.strings in Resources */ = {isa = PBXBuildFile; fileRef = D1FF6E7F2D34FFB20053EA74 /* Localizable.strings */; };
/* End PBXBuildFile section */

/* Begin PBXCopyFilesBuildPhase section */
		D10F01862D3648BD0024F923 /* Embed Frameworks */ = {
			isa = PBXCopyFilesBuildPhase;
			buildActionMask = 2147483647;
			dstPath = "";
			dstSubfolderSpec = 10;
			files = (
			);
			name = "Embed Frameworks";
			runOnlyForDeploymentPostprocessing = 0;
		};
/* End PBXCopyFilesBuildPhase section */

/* Begin PBXFileReference section */
		D109C72C2D33EEC600BCB02C /* Wafid.app */ = {isa = PBXFileReference; explicitFileType = wrapper.application; includeInIndex = 0; path = Wafid.app; sourceTree = BUILT_PRODUCTS_DIR; };
		D12A754B2D4A83E9005E435C /* Wafid-Info.plist */ = {isa = PBXFileReference; lastKnownFileType = text.plist; path = "Wafid-Info.plist"; sourceTree = "<group>"; };
		D1FF6E802D34FFB20053EA74 /* en */ = {isa = PBXFileReference; lastKnownFileType = text.plist.strings; name = en; path = en.lproj/Localizable.strings; sourceTree = "<group>"; };
		D1FF6E822D34FFB70053EA74 /* ar */ = {isa = PBXFileReference; lastKnownFileType = text.plist.strings; name = ar; path = ar.lproj/Localizable.strings; sourceTree = "<group>"; };
/* End PBXFileReference section */

/* Begin PBXFileSystemSynchronizedRootGroup section */
		D109C72E2D33EEC600BCB02C /* JobFinder */ = {
			isa = PBXFileSystemSynchronizedRootGroup;
			path = JobFinder;
			sourceTree = "<group>";
		};
/* End PBXFileSystemSynchronizedRootGroup section */

/* Begin PBXFrameworksBuildPhase section */
		D109C7292D33EEC600BCB02C /* Frameworks */ = {
			isa = PBXFrameworksBuildPhase;
			buildActionMask = 2147483647;
			files = (
				D1FB1BF72D4F77C6003C3120 /* FirebaseDatabase in Frameworks */,
				D12A75462D4A758C005E435C /* SDWebImageSwiftUI in Frameworks */,
				D12A753F2D4A74E8005E435C /* FirebaseFirestore in Frameworks */,
				D12A75542D4A9C4E005E435C /* StreamVideoUIKit in Frameworks */,
				D12A75522D4A9C4E005E435C /* StreamVideoSwiftUI in Frameworks */,
				D12A75412D4A74E8005E435C /* FirebaseMessaging in Frameworks */,
				D12A753D2D4A74E8005E435C /* FirebaseCore in Frameworks */,
				D12A753B2D4A74E8005E435C /* FirebaseAuth in Frameworks */,
				D12A75502D4A9C4E005E435C /* StreamVideo in Frameworks */,
				D12A75432D4A74E8005E435C /* FirebaseStorage in Frameworks */,
			);
			runOnlyForDeploymentPostprocessing = 0;
		};
/* End PBXFrameworksBuildPhase section */

/* Begin PBXGroup section */
		D109C7232D33EEC600BCB02C = {
			isa = PBXGroup;
			children = (
				D12A754B2D4A83E9005E435C /* Wafid-Info.plist */,
				D1FF6E7F2D34FFB20053EA74 /* Localizable.strings */,
				D109C72E2D33EEC600BCB02C /* JobFinder */,
				D1C6535F2D3FA51C00390454 /* Frameworks */,
				D109C72D2D33EEC600BCB02C /* Products */,
			);
			sourceTree = "<group>";
		};
		D109C72D2D33EEC600BCB02C /* Products */ = {
			isa = PBXGroup;
			children = (
				D109C72C2D33EEC600BCB02C /* Wafid.app */,
			);
			name = Products;
			sourceTree = "<group>";
		};
		D1C6535F2D3FA51C00390454 /* Frameworks */ = {
			isa = PBXGroup;
			children = (
			);
			name = Frameworks;
			sourceTree = "<group>";
		};
/* End PBXGroup section */

/* Begin PBXNativeTarget section */
		D109C72B2D33EEC600BCB02C /* Wafid */ = {
			isa = PBXNativeTarget;
			buildConfigurationList = D109C73B2D33EEC700BCB02C /* Build configuration list for PBXNativeTarget "Wafid" */;
			buildPhases = (
				D109C7282D33EEC600BCB02C /* Sources */,
				D109C7292D33EEC600BCB02C /* Frameworks */,
				D109C72A2D33EEC600BCB02C /* Resources */,
				D10F01862D3648BD0024F923 /* Embed Frameworks */,
			);
			buildRules = (
			);
			dependencies = (
			);
			fileSystemSynchronizedGroups = (
				D109C72E2D33EEC600BCB02C /* JobFinder */,
			);
			name = Wafid;
			packageProductDependencies = (
				D12A753A2D4A74E8005E435C /* FirebaseAuth */,
				D12A753C2D4A74E8005E435C /* FirebaseCore */,
				D12A753E2D4A74E8005E435C /* FirebaseFirestore */,
				D12A75402D4A74E8005E435C /* FirebaseMessaging */,
				D12A75422D4A74E8005E435C /* FirebaseStorage */,
				D12A75452D4A758C005E435C /* SDWebImageSwiftUI */,
				D12A754F2D4A9C4E005E435C /* StreamVideo */,
				D12A75512D4A9C4E005E435C /* StreamVideoSwiftUI */,
				D12A75532D4A9C4E005E435C /* StreamVideoUIKit */,
				D1FB1BF62D4F77C6003C3120 /* FirebaseDatabase */,
			);
			productName = JobFinder;
			productReference = D109C72C2D33EEC600BCB02C /* Wafid.app */;
			productType = "com.apple.product-type.application";
		};
/* End PBXNativeTarget section */

/* Begin PBXProject section */
		D109C7242D33EEC600BCB02C /* Project object */ = {
			isa = PBXProject;
			attributes = {
				BuildIndependentTargetsInParallel = 1;
				LastSwiftUpdateCheck = 1600;
				LastUpgradeCheck = 1600;
				TargetAttributes = {
					D109C72B2D33EEC600BCB02C = {
						CreatedOnToolsVersion = 16.0;
					};
				};
			};
			buildConfigurationList = D109C7272D33EEC600BCB02C /* Build configuration list for PBXProject "Wafid" */;
			developmentRegion = en;
			hasScannedForEncodings = 0;
			knownRegions = (
				en,
				Base,
				ar,
			);
			mainGroup = D109C7232D33EEC600BCB02C;
			minimizedProjectReferenceProxies = 1;
			packageReferences = (
				D12A75392D4A74C5005E435C /* XCRemoteSwiftPackageReference "firebase-ios-sdk" */,
				D12A75442D4A758C005E435C /* XCRemoteSwiftPackageReference "SDWebImageSwiftUI" */,
				D12A754E2D4A9C4E005E435C /* XCRemoteSwiftPackageReference "stream-video-swift" */,
			);
			preferredProjectObjectVersion = 77;
			productRefGroup = D109C72D2D33EEC600BCB02C /* Products */;
			projectDirPath = "";
			projectRoot = "";
			targets = (
				D109C72B2D33EEC600BCB02C /* Wafid */,
			);
		};
/* End PBXProject section */

/* Begin PBXResourcesBuildPhase section */
		D109C72A2D33EEC600BCB02C /* Resources */ = {
			isa = PBXResourcesBuildPhase;
			buildActionMask = 2147483647;
			files = (
				D1FF6E812D34FFB20053EA74 /* Localizable.strings in Resources */,
			);
			runOnlyForDeploymentPostprocessing = 0;
		};
/* End PBXResourcesBuildPhase section */

/* Begin PBXSourcesBuildPhase section */
		D109C7282D33EEC600BCB02C /* Sources */ = {
			isa = PBXSourcesBuildPhase;
			buildActionMask = 2147483647;
			files = (
			);
			runOnlyForDeploymentPostprocessing = 0;
		};
/* End PBXSourcesBuildPhase section */

/* Begin PBXVariantGroup section */
		D1FF6E7F2D34FFB20053EA74 /* Localizable.strings */ = {
			isa = PBXVariantGroup;
			children = (
				D1FF6E802D34FFB20053EA74 /* en */,
				D1FF6E822D34FFB70053EA74 /* ar */,
			);
			name = Localizable.strings;
			sourceTree = "<group>";
		};
/* End PBXVariantGroup section */

/* Begin XCBuildConfiguration section */
		D109C7392D33EEC700BCB02C /* Debug */ = {
			isa = XCBuildConfiguration;
			buildSettings = {
				ALWAYS_SEARCH_USER_PATHS = NO;
				ASSETCATALOG_COMPILER_GENERATE_SWIFT_ASSET_SYMBOL_EXTENSIONS = YES;
				CLANG_ANALYZER_NONNULL = YES;
				CLANG_ANALYZER_NUMBER_OBJECT_CONVERSION = YES_AGGRESSIVE;
				CLANG_CXX_LANGUAGE_STANDARD = "gnu++20";
				CLANG_ENABLE_MODULES = YES;
				CLANG_ENABLE_OBJC_ARC = YES;
				CLANG_ENABLE_OBJC_WEAK = YES;
				CLANG_WARN_BLOCK_CAPTURE_AUTORELEASING = YES;
				CLANG_WARN_BOOL_CONVERSION = YES;
				CLANG_WARN_COMMA = YES;
				CLANG_WARN_CONSTANT_CONVERSION = YES;
				CLANG_WARN_DEPRECATED_OBJC_IMPLEMENTATIONS = YES;
				CLANG_WARN_DIRECT_OBJC_ISA_USAGE = YES_ERROR;
				CLANG_WARN_DOCUMENTATION_COMMENTS = YES;
				CLANG_WARN_EMPTY_BODY = YES;
				CLANG_WARN_ENUM_CONVERSION = YES;
				CLANG_WARN_INFINITE_RECURSION = YES;
				CLANG_WARN_INT_CONVERSION = YES;
				CLANG_WARN_NON_LITERAL_NULL_CONVERSION = YES;
				CLANG_WARN_OBJC_IMPLICIT_RETAIN_SELF = YES;
				CLANG_WARN_OBJC_LITERAL_CONVERSION = YES;
				CLANG_WARN_OBJC_ROOT_CLASS = YES_ERROR;
				CLANG_WARN_QUOTED_INCLUDE_IN_FRAMEWORK_HEADER = YES;
				CLANG_WARN_RANGE_LOOP_ANALYSIS = YES;
				CLANG_WARN_STRICT_PROTOTYPES = YES;
				CLANG_WARN_SUSPICIOUS_MOVE = YES;
				CLANG_WARN_UNGUARDED_AVAILABILITY = YES_AGGRESSIVE;
				CLANG_WARN_UNREACHABLE_CODE = YES;
				CLANG_WARN__DUPLICATE_METHOD_MATCH = YES;
				COPY_PHASE_STRIP = NO;
				DEBUG_INFORMATION_FORMAT = dwarf;
				ENABLE_STRICT_OBJC_MSGSEND = YES;
				ENABLE_TESTABILITY = YES;
				ENABLE_USER_SCRIPT_SANDBOXING = YES;
				GCC_C_LANGUAGE_STANDARD = gnu17;
				GCC_DYNAMIC_NO_PIC = NO;
				GCC_NO_COMMON_BLOCKS = YES;
				GCC_OPTIMIZATION_LEVEL = 0;
				GCC_PREPROCESSOR_DEFINITIONS = (
					"DEBUG=1",
					"$(inherited)",
				);
				GCC_WARN_64_TO_32_BIT_CONVERSION = YES;
				GCC_WARN_ABOUT_RETURN_TYPE = YES_ERROR;
				GCC_WARN_UNDECLARED_SELECTOR = YES;
				GCC_WARN_UNINITIALIZED_AUTOS = YES_AGGRESSIVE;
				GCC_WARN_UNUSED_FUNCTION = YES;
				GCC_WARN_UNUSED_VARIABLE = YES;
				LOCALIZATION_PREFERS_STRING_CATALOGS = YES;
				MTL_ENABLE_DEBUG_INFO = INCLUDE_SOURCE;
				MTL_FAST_MATH = YES;
				ONLY_ACTIVE_ARCH = YES;
				SWIFT_ACTIVE_COMPILATION_CONDITIONS = "DEBUG $(inherited)";
				SWIFT_OPTIMIZATION_LEVEL = "-Onone";
			};
			name = Debug;
		};
		D109C73A2D33EEC700BCB02C /* Release */ = {
			isa = XCBuildConfiguration;
			buildSettings = {
				ALWAYS_SEARCH_USER_PATHS = NO;
				ASSETCATALOG_COMPILER_GENERATE_SWIFT_ASSET_SYMBOL_EXTENSIONS = YES;
				CLANG_ANALYZER_NONNULL = YES;
				CLANG_ANALYZER_NUMBER_OBJECT_CONVERSION = YES_AGGRESSIVE;
				CLANG_CXX_LANGUAGE_STANDARD = "gnu++20";
				CLANG_ENABLE_MODULES = YES;
				CLANG_ENABLE_OBJC_ARC = YES;
				CLANG_ENABLE_OBJC_WEAK = YES;
				CLANG_WARN_BLOCK_CAPTURE_AUTORELEASING = YES;
				CLANG_WARN_BOOL_CONVERSION = YES;
				CLANG_WARN_COMMA = YES;
				CLANG_WARN_CONSTANT_CONVERSION = YES;
				CLANG_WARN_DEPRECATED_OBJC_IMPLEMENTATIONS = YES;
				CLANG_WARN_DIRECT_OBJC_ISA_USAGE = YES_ERROR;
				CLANG_WARN_DOCUMENTATION_COMMENTS = YES;
				CLANG_WARN_EMPTY_BODY = YES;
				CLANG_WARN_ENUM_CONVERSION = YES;
				CLANG_WARN_INFINITE_RECURSION = YES;
				CLANG_WARN_INT_CONVERSION = YES;
				CLANG_WARN_NON_LITERAL_NULL_CONVERSION = YES;
				CLANG_WARN_OBJC_IMPLICIT_RETAIN_SELF = YES;
				CLANG_WARN_OBJC_LITERAL_CONVERSION = YES;
				CLANG_WARN_OBJC_ROOT_CLASS = YES_ERROR;
				CLANG_WARN_QUOTED_INCLUDE_IN_FRAMEWORK_HEADER = YES;
				CLANG_WARN_RANGE_LOOP_ANALYSIS = YES;
				CLANG_WARN_STRICT_PROTOTYPES = YES;
				CLANG_WARN_SUSPICIOUS_MOVE = YES;
				CLANG_WARN_UNGUARDED_AVAILABILITY = YES_AGGRESSIVE;
				CLANG_WARN_UNREACHABLE_CODE = YES;
				CLANG_WARN__DUPLICATE_METHOD_MATCH = YES;
				COPY_PHASE_STRIP = NO;
				DEBUG_INFORMATION_FORMAT = "dwarf-with-dsym";
				ENABLE_NS_ASSERTIONS = NO;
				ENABLE_STRICT_OBJC_MSGSEND = YES;
				ENABLE_USER_SCRIPT_SANDBOXING = YES;
				GCC_C_LANGUAGE_STANDARD = gnu17;
				GCC_NO_COMMON_BLOCKS = YES;
				GCC_WARN_64_TO_32_BIT_CONVERSION = YES;
				GCC_WARN_ABOUT_RETURN_TYPE = YES_ERROR;
				GCC_WARN_UNDECLARED_SELECTOR = YES;
				GCC_WARN_UNINITIALIZED_AUTOS = YES_AGGRESSIVE;
				GCC_WARN_UNUSED_FUNCTION = YES;
				GCC_WARN_UNUSED_VARIABLE = YES;
				LOCALIZATION_PREFERS_STRING_CATALOGS = YES;
				MTL_ENABLE_DEBUG_INFO = NO;
				MTL_FAST_MATH = YES;
				SWIFT_COMPILATION_MODE = wholemodule;
			};
			name = Release;
		};
		D109C73C2D33EEC700BCB02C /* Debug */ = {
			isa = XCBuildConfiguration;
			buildSettings = {
				ASSETCATALOG_COMPILER_APPICON_NAME = AppIcon;
				ASSETCATALOG_COMPILER_GLOBAL_ACCENT_COLOR_NAME = AccentColor;
				CODE_SIGN_ENTITLEMENTS = JobFinder/JobFinder.entitlements;
				CODE_SIGN_STYLE = Automatic;
				CURRENT_PROJECT_VERSION = 2;
				DEVELOPMENT_ASSET_PATHS = "\"JobFinder/Preview Content\"";
				DEVELOPMENT_TEAM = 449HZG47GL;
				ENABLE_HARDENED_RUNTIME = YES;
				ENABLE_PREVIEWS = YES;
				GENERATE_INFOPLIST_FILE = YES;
				INFOPLIST_FILE = "Wafid-Info.plist";
				INFOPLIST_KEY_NSCameraUsageDescription = "";
				INFOPLIST_KEY_NSMicrophoneUsageDescription = "";
				"INFOPLIST_KEY_UIApplicationSceneManifest_Generation[sdk=iphoneos*]" = YES;
				"INFOPLIST_KEY_UIApplicationSceneManifest_Generation[sdk=iphonesimulator*]" = YES;
				"INFOPLIST_KEY_UIApplicationSupportsIndirectInputEvents[sdk=iphoneos*]" = YES;
				"INFOPLIST_KEY_UIApplicationSupportsIndirectInputEvents[sdk=iphonesimulator*]" = YES;
				"INFOPLIST_KEY_UILaunchScreen_Generation[sdk=iphoneos*]" = YES;
				"INFOPLIST_KEY_UILaunchScreen_Generation[sdk=iphonesimulator*]" = YES;
				"INFOPLIST_KEY_UIStatusBarStyle[sdk=iphoneos*]" = UIStatusBarStyleDefault;
				"INFOPLIST_KEY_UIStatusBarStyle[sdk=iphonesimulator*]" = UIStatusBarStyleDefault;
				INFOPLIST_KEY_UISupportedInterfaceOrientations = "UIInterfaceOrientationPortrait UIInterfaceOrientationPortraitUpsideDown UIInterfaceOrientationLandscapeLeft UIInterfaceOrientationLandscapeRight";
				INFOPLIST_KEY_UISupportedInterfaceOrientations_iPad = "UIInterfaceOrientationLandscapeLeft UIInterfaceOrientationPortrait UIInterfaceOrientationLandscapeRight UIInterfaceOrientationPortraitUpsideDown";
				IPHONEOS_DEPLOYMENT_TARGET = 16.6;
				LD_RUNPATH_SEARCH_PATHS = "@executable_path/Frameworks";
				"LD_RUNPATH_SEARCH_PATHS[sdk=macosx*]" = "@executable_path/../Frameworks";
				MACOSX_DEPLOYMENT_TARGET = 15.0;
				MARKETING_VERSION = 1.1;
				PRODUCT_BUNDLE_IDENTIFIER = com.AlMedad.Wafid;
				PRODUCT_NAME = "$(TARGET_NAME)";
				SDKROOT = auto;
				SUPPORTED_PLATFORMS = "iphoneos iphonesimulator macosx xros xrsimulator";
				SWIFT_EMIT_LOC_STRINGS = YES;
				SWIFT_VERSION = 5.0;
				TARGETED_DEVICE_FAMILY = "1,2,7";
				XROS_DEPLOYMENT_TARGET = 2.0;
			};
			name = Debug;
		};
		D109C73D2D33EEC700BCB02C /* Release */ = {
			isa = XCBuildConfiguration;
			buildSettings = {
				ASSETCATALOG_COMPILER_APPICON_NAME = AppIcon;
				ASSETCATALOG_COMPILER_GLOBAL_ACCENT_COLOR_NAME = AccentColor;
				CODE_SIGN_ENTITLEMENTS = JobFinder/JobFinder.entitlements;
				CODE_SIGN_STYLE = Automatic;
				CURRENT_PROJECT_VERSION = 2;
				DEVELOPMENT_ASSET_PATHS = "\"JobFinder/Preview Content\"";
				DEVELOPMENT_TEAM = 449HZG47GL;
				ENABLE_HARDENED_RUNTIME = YES;
				ENABLE_PREVIEWS = YES;
				GENERATE_INFOPLIST_FILE = YES;
				INFOPLIST_FILE = "Wafid-Info.plist";
				INFOPLIST_KEY_NSCameraUsageDescription = "";
				INFOPLIST_KEY_NSMicrophoneUsageDescription = "";
				"INFOPLIST_KEY_UIApplicationSceneManifest_Generation[sdk=iphoneos*]" = YES;
				"INFOPLIST_KEY_UIApplicationSceneManifest_Generation[sdk=iphonesimulator*]" = YES;
				"INFOPLIST_KEY_UIApplicationSupportsIndirectInputEvents[sdk=iphoneos*]" = YES;
				"INFOPLIST_KEY_UIApplicationSupportsIndirectInputEvents[sdk=iphonesimulator*]" = YES;
				"INFOPLIST_KEY_UILaunchScreen_Generation[sdk=iphoneos*]" = YES;
				"INFOPLIST_KEY_UILaunchScreen_Generation[sdk=iphonesimulator*]" = YES;
				"INFOPLIST_KEY_UIStatusBarStyle[sdk=iphoneos*]" = UIStatusBarStyleDefault;
				"INFOPLIST_KEY_UIStatusBarStyle[sdk=iphonesimulator*]" = UIStatusBarStyleDefault;
				INFOPLIST_KEY_UISupportedInterfaceOrientations = "UIInterfaceOrientationPortrait UIInterfaceOrientationPortraitUpsideDown UIInterfaceOrientationLandscapeLeft UIInterfaceOrientationLandscapeRight";
				INFOPLIST_KEY_UISupportedInterfaceOrientations_iPad = "UIInterfaceOrientationLandscapeLeft UIInterfaceOrientationPortrait UIInterfaceOrientationLandscapeRight UIInterfaceOrientationPortraitUpsideDown";
				IPHONEOS_DEPLOYMENT_TARGET = 16.6;
				LD_RUNPATH_SEARCH_PATHS = "@executable_path/Frameworks";
				"LD_RUNPATH_SEARCH_PATHS[sdk=macosx*]" = "@executable_path/../Frameworks";
				MACOSX_DEPLOYMENT_TARGET = 15.0;
				MARKETING_VERSION = 1.1;
				PRODUCT_BUNDLE_IDENTIFIER = com.AlMedad.Wafid;
				PRODUCT_NAME = "$(TARGET_NAME)";
				SDKROOT = auto;
				SUPPORTED_PLATFORMS = "iphoneos iphonesimulator macosx xros xrsimulator";
				SWIFT_EMIT_LOC_STRINGS = YES;
				SWIFT_VERSION = 5.0;
				TARGETED_DEVICE_FAMILY = "1,2,7";
				XROS_DEPLOYMENT_TARGET = 2.0;
			};
			name = Release;
		};
/* End XCBuildConfiguration section */

/* Begin XCConfigurationList section */
		D109C7272D33EEC600BCB02C /* Build configuration list for PBXProject "Wafid" */ = {
			isa = XCConfigurationList;
			buildConfigurations = (
				D109C7392D33EEC700BCB02C /* Debug */,
				D109C73A2D33EEC700BCB02C /* Release */,
			);
			defaultConfigurationIsVisible = 0;
			defaultConfigurationName = Release;
		};
		D109C73B2D33EEC700BCB02C /* Build configuration list for PBXNativeTarget "Wafid" */ = {
			isa = XCConfigurationList;
			buildConfigurations = (
				D109C73C2D33EEC700BCB02C /* Debug */,
				D109C73D2D33EEC700BCB02C /* Release */,
			);
			defaultConfigurationIsVisible = 0;
			defaultConfigurationName = Release;
		};
/* End XCConfigurationList section */

/* Begin XCRemoteSwiftPackageReference section */
		D12A75392D4A74C5005E435C /* XCRemoteSwiftPackageReference "firebase-ios-sdk" */ = {
			isa = XCRemoteSwiftPackageReference;
			repositoryURL = "https://github.com/firebase/firebase-ios-sdk";
			requirement = {
				kind = upToNextMajorVersion;
				minimumVersion = 11.7.0;
			};
		};
		D12A75442D4A758C005E435C /* XCRemoteSwiftPackageReference "SDWebImageSwiftUI" */ = {
			isa = XCRemoteSwiftPackageReference;
			repositoryURL = "https://github.com/SDWebImage/SDWebImageSwiftUI.git";
			requirement = {
				kind = upToNextMajorVersion;
				minimumVersion = 3.1.3;
			};
		};
		D12A754E2D4A9C4E005E435C /* XCRemoteSwiftPackageReference "stream-video-swift" */ = {
			isa = XCRemoteSwiftPackageReference;
			repositoryURL = "https://github.com/GetStream/stream-video-swift";
			requirement = {
				kind = upToNextMajorVersion;
				minimumVersion = 1.15.0;
			};
		};
/* End XCRemoteSwiftPackageReference section */

/* Begin XCSwiftPackageProductDependency section */
		D12A753A2D4A74E8005E435C /* FirebaseAuth */ = {
			isa = XCSwiftPackageProductDependency;
			package = D12A75392D4A74C5005E435C /* XCRemoteSwiftPackageReference "firebase-ios-sdk" */;
			productName = FirebaseAuth;
		};
		D12A753C2D4A74E8005E435C /* FirebaseCore */ = {
			isa = XCSwiftPackageProductDependency;
			package = D12A75392D4A74C5005E435C /* XCRemoteSwiftPackageReference "firebase-ios-sdk" */;
			productName = FirebaseCore;
		};
		D12A753E2D4A74E8005E435C /* FirebaseFirestore */ = {
			isa = XCSwiftPackageProductDependency;
			package = D12A75392D4A74C5005E435C /* XCRemoteSwiftPackageReference "firebase-ios-sdk" */;
			productName = FirebaseFirestore;
		};
		D12A75402D4A74E8005E435C /* FirebaseMessaging */ = {
			isa = XCSwiftPackageProductDependency;
			package = D12A75392D4A74C5005E435C /* XCRemoteSwiftPackageReference "firebase-ios-sdk" */;
			productName = FirebaseMessaging;
		};
		D12A75422D4A74E8005E435C /* FirebaseStorage */ = {
			isa = XCSwiftPackageProductDependency;
			package = D12A75392D4A74C5005E435C /* XCRemoteSwiftPackageReference "firebase-ios-sdk" */;
			productName = FirebaseStorage;
		};
		D12A75452D4A758C005E435C /* SDWebImageSwiftUI */ = {
			isa = XCSwiftPackageProductDependency;
			package = D12A75442D4A758C005E435C /* XCRemoteSwiftPackageReference "SDWebImageSwiftUI" */;
			productName = SDWebImageSwiftUI;
		};
		D12A754F2D4A9C4E005E435C /* StreamVideo */ = {
			isa = XCSwiftPackageProductDependency;
			package = D12A754E2D4A9C4E005E435C /* XCRemoteSwiftPackageReference "stream-video-swift" */;
			productName = StreamVideo;
		};
		D12A75512D4A9C4E005E435C /* StreamVideoSwiftUI */ = {
			isa = XCSwiftPackageProductDependency;
			package = D12A754E2D4A9C4E005E435C /* XCRemoteSwiftPackageReference "stream-video-swift" */;
			productName = StreamVideoSwiftUI;
		};
		D12A75532D4A9C4E005E435C /* StreamVideoUIKit */ = {
			isa = XCSwiftPackageProductDependency;
			package = D12A754E2D4A9C4E005E435C /* XCRemoteSwiftPackageReference "stream-video-swift" */;
			productName = StreamVideoUIKit;
		};
		D1FB1BF62D4F77C6003C3120 /* FirebaseDatabase */ = {
			isa = XCSwiftPackageProductDependency;
			package = D12A75392D4A74C5005E435C /* XCRemoteSwiftPackageReference "firebase-ios-sdk" */;
			productName = FirebaseDatabase;
		};
/* End XCSwiftPackageProductDependency section */
	};
	rootObject = D109C7242D33EEC600BCB02C /* Project object */;
}
